// !$*UTF8*$!
{
	archiveVersion = 1;
	classes = {
	};
	objectVersion = 54;
	objects = {

/* Begin PBXBuildFile section */
		2327167C2C870CBB00853D17 /* Valhalla.storyboard in Resources */ = {isa = PBXBuildFile; fileRef = 2327167A2C870CBB00853D17 /* Valhalla.storyboard */; };
		2339710625FD6BC300ACFCF7 /* AppDelegate.swift in Sources */ = {isa = PBXBuildFile; fileRef = 2339710525FD6BC300ACFCF7 /* AppDelegate.swift */; };
		2339710825FD6BC300ACFCF7 /* SceneDelegate.swift in Sources */ = {isa = PBXBuildFile; fileRef = 2339710725FD6BC300ACFCF7 /* SceneDelegate.swift */; };
		2339710A25FD6BC300ACFCF7 /* ViewController.swift in Sources */ = {isa = PBXBuildFile; fileRef = 2339710925FD6BC300ACFCF7 /* ViewController.swift */; };
		2339710D25FD6BC300ACFCF7 /* Main.storyboard in Resources */ = {isa = PBXBuildFile; fileRef = 2339710B25FD6BC300ACFCF7 /* Main.storyboard */; };
		2339711025FD6BC300ACFCF7 /* Dungeon_Panda.xcdatamodeld in Sources */ = {isa = PBXBuildFile; fileRef = 2339710E25FD6BC300ACFCF7 /* Dungeon_Panda.xcdatamodeld */; };
		2339711225FD6BC500ACFCF7 /* Assets.xcassets in Resources */ = {isa = PBXBuildFile; fileRef = 2339711125FD6BC500ACFCF7 /* Assets.xcassets */; };
		2339711525FD6BC500ACFCF7 /* LaunchScreen.storyboard in Resources */ = {isa = PBXBuildFile; fileRef = 2339711325FD6BC500ACFCF7 /* LaunchScreen.storyboard */; };
		2339712225FD7A3B00ACFCF7 /* AppleMusicAPI.swift in Sources */ = {isa = PBXBuildFile; fileRef = 2339712125FD7A3B00ACFCF7 /* AppleMusicAPI.swift */; };
		2339712525FD7A6000ACFCF7 /* Song.swift in Sources */ = {isa = PBXBuildFile; fileRef = 2339712425FD7A6000ACFCF7 /* Song.swift */; };
		2339712925FDF1F700ACFCF7 /* LibraryPlaylist.swift in Sources */ = {isa = PBXBuildFile; fileRef = 2339712825FDF1F700ACFCF7 /* LibraryPlaylist.swift */; };
		237B42F625FEA100000D5666 /* README.md in Resources */ = {isa = PBXBuildFile; fileRef = 237B42F425FEA100000D5666 /* README.md */; };
		237B42F725FEA100000D5666 /* LICENSE in Resources */ = {isa = PBXBuildFile; fileRef = 237B42F525FEA100000D5666 /* LICENSE */; };
		238493B8260324A6005DA4D7 /* Track.swift in Sources */ = {isa = PBXBuildFile; fileRef = 238493B7260324A6005DA4D7 /* Track.swift */; };
		23854C5C260435D100909DB1 /* MiscError.swift in Sources */ = {isa = PBXBuildFile; fileRef = 23854C5B260435D100909DB1 /* MiscError.swift */; };
		23854C5F2607064500909DB1 /* MusicPlaybackManager.swift in Sources */ = {isa = PBXBuildFile; fileRef = 23854C5E2607064500909DB1 /* MusicPlaybackManager.swift */; };
		23854C6B26087FE900909DB1 /* StaticTracklistManager.swift in Sources */ = {isa = PBXBuildFile; fileRef = 23854C6A26087FE900909DB1 /* StaticTracklistManager.swift */; };
		23854C6E26087FF400909DB1 /* PlaylistManager.swift in Sources */ = {isa = PBXBuildFile; fileRef = 23854C6D26087FF400909DB1 /* PlaylistManager.swift */; };
		23854C712608818400909DB1 /* Tracklist.swift in Sources */ = {isa = PBXBuildFile; fileRef = 23854C702608818400909DB1 /* Tracklist.swift */; };
		23854C752609CAB800909DB1 /* Playlist+StoreIDs.swift in Sources */ = {isa = PBXBuildFile; fileRef = 23854C742609CAB800909DB1 /* Playlist+StoreIDs.swift */; };
		239A2DEC2645200100EFFDFF /* rain.mp3 in Resources */ = {isa = PBXBuildFile; fileRef = 239A2DEB2645200100EFFDFF /* rain.mp3 */; };
		239D0990260FF45C00808088 /* UnfixableError.swift in Sources */ = {isa = PBXBuildFile; fileRef = 239D098F260FF45C00808088 /* UnfixableError.swift */; };
		239D099526102B1200808088 /* CloudKit.framework in Frameworks */ = {isa = PBXBuildFile; fileRef = 239D099426102B1200808088 /* CloudKit.framework */; };
		23D2E2232A820A64004D4CB6 /* Settings.bundle in Resources */ = {isa = PBXBuildFile; fileRef = 23D2E2222A820A64004D4CB6 /* Settings.bundle */; };
		23DE6594263E6E8800C5A924 /* TitleFittingButton.swift in Sources */ = {isa = PBXBuildFile; fileRef = 23DE6593263E6E8700C5A924 /* TitleFittingButton.swift */; };
		62F3D4C17B2B4A841AEF4622 /* Pods_Dungeon_Panda.framework in Frameworks */ = {isa = PBXBuildFile; fileRef = 3B0A292A1198AB60CEC19805 /* Pods_Dungeon_Panda.framework */; };
/* End PBXBuildFile section */

/* Begin PBXFileReference section */
		2327167B2C870CBB00853D17 /* Base */ = {isa = PBXFileReference; lastKnownFileType = file.storyboard; name = Base; path = Base.lproj/Valhalla.storyboard; sourceTree = "<group>"; };
		2339710225FD6BC300ACFCF7 /* Dungeon Panda.app */ = {isa = PBXFileReference; explicitFileType = wrapper.application; includeInIndex = 0; path = "Dungeon Panda.app"; sourceTree = BUILT_PRODUCTS_DIR; };
		2339710525FD6BC300ACFCF7 /* AppDelegate.swift */ = {isa = PBXFileReference; lastKnownFileType = sourcecode.swift; path = AppDelegate.swift; sourceTree = "<group>"; };
		2339710725FD6BC300ACFCF7 /* SceneDelegate.swift */ = {isa = PBXFileReference; lastKnownFileType = sourcecode.swift; path = SceneDelegate.swift; sourceTree = "<group>"; };
		2339710925FD6BC300ACFCF7 /* ViewController.swift */ = {isa = PBXFileReference; lastKnownFileType = sourcecode.swift; path = ViewController.swift; sourceTree = "<group>"; };
		2339710C25FD6BC300ACFCF7 /* Base */ = {isa = PBXFileReference; lastKnownFileType = file.storyboard; name = Base; path = Base.lproj/Main.storyboard; sourceTree = "<group>"; };
		2339710F25FD6BC300ACFCF7 /* Dungeon_Panda.xcdatamodel */ = {isa = PBXFileReference; lastKnownFileType = wrapper.xcdatamodel; path = Dungeon_Panda.xcdatamodel; sourceTree = "<group>"; };
		2339711125FD6BC500ACFCF7 /* Assets.xcassets */ = {isa = PBXFileReference; lastKnownFileType = folder.assetcatalog; path = Assets.xcassets; sourceTree = "<group>"; };
		2339711425FD6BC500ACFCF7 /* Base */ = {isa = PBXFileReference; lastKnownFileType = file.storyboard; name = Base; path = Base.lproj/LaunchScreen.storyboard; sourceTree = "<group>"; };
		2339712125FD7A3B00ACFCF7 /* AppleMusicAPI.swift */ = {isa = PBXFileReference; lastKnownFileType = sourcecode.swift; path = AppleMusicAPI.swift; sourceTree = "<group>"; };
		2339712425FD7A6000ACFCF7 /* Song.swift */ = {isa = PBXFileReference; lastKnownFileType = sourcecode.swift; path = Song.swift; sourceTree = "<group>"; };
		2339712825FDF1F700ACFCF7 /* LibraryPlaylist.swift */ = {isa = PBXFileReference; lastKnownFileType = sourcecode.swift; path = LibraryPlaylist.swift; sourceTree = "<group>"; };
		237B42F425FEA100000D5666 /* README.md */ = {isa = PBXFileReference; fileEncoding = 4; lastKnownFileType = net.daringfireball.markdown; path = README.md; sourceTree = SOURCE_ROOT; };
		237B42F525FEA100000D5666 /* LICENSE */ = {isa = PBXFileReference; fileEncoding = 4; lastKnownFileType = text; path = LICENSE; sourceTree = SOURCE_ROOT; };
		237B430D25FF3B64000D5666 /* Base.lproj */ = {isa = PBXFileReference; lastKnownFileType = folder; path = Base.lproj; sourceTree = "<group>"; };
		237B430E25FF3B64000D5666 /* Info.plist */ = {isa = PBXFileReference; lastKnownFileType = text.plist.xml; path = Info.plist; sourceTree = "<group>"; };
		238493B7260324A6005DA4D7 /* Track.swift */ = {isa = PBXFileReference; lastKnownFileType = sourcecode.swift; path = Track.swift; sourceTree = "<group>"; };
		23854C5B260435D100909DB1 /* MiscError.swift */ = {isa = PBXFileReference; lastKnownFileType = sourcecode.swift; path = MiscError.swift; sourceTree = "<group>"; };
		23854C5E2607064500909DB1 /* MusicPlaybackManager.swift */ = {isa = PBXFileReference; lastKnownFileType = sourcecode.swift; path = MusicPlaybackManager.swift; sourceTree = "<group>"; };
		23854C6A26087FE900909DB1 /* StaticTracklistManager.swift */ = {isa = PBXFileReference; lastKnownFileType = sourcecode.swift; path = StaticTracklistManager.swift; sourceTree = "<group>"; };
		23854C6D26087FF400909DB1 /* PlaylistManager.swift */ = {isa = PBXFileReference; lastKnownFileType = sourcecode.swift; path = PlaylistManager.swift; sourceTree = "<group>"; };
		23854C702608818400909DB1 /* Tracklist.swift */ = {isa = PBXFileReference; lastKnownFileType = sourcecode.swift; path = Tracklist.swift; sourceTree = "<group>"; };
		23854C742609CAB800909DB1 /* Playlist+StoreIDs.swift */ = {isa = PBXFileReference; lastKnownFileType = sourcecode.swift; path = "Playlist+StoreIDs.swift"; sourceTree = "<group>"; };
		239A2DEB2645200100EFFDFF /* rain.mp3 */ = {isa = PBXFileReference; lastKnownFileType = audio.mp3; path = rain.mp3; sourceTree = "<group>"; };
		239D098F260FF45C00808088 /* UnfixableError.swift */ = {isa = PBXFileReference; lastKnownFileType = sourcecode.swift; path = UnfixableError.swift; sourceTree = "<group>"; };
		239D099226102B0200808088 /* Dungeon Panda.entitlements */ = {isa = PBXFileReference; lastKnownFileType = text.plist.entitlements; path = "Dungeon Panda.entitlements"; sourceTree = "<group>"; };
		239D099426102B1200808088 /* CloudKit.framework */ = {isa = PBXFileReference; lastKnownFileType = wrapper.framework; name = CloudKit.framework; path = System/Library/Frameworks/CloudKit.framework; sourceTree = SDKROOT; };
		23D2E2222A820A64004D4CB6 /* Settings.bundle */ = {isa = PBXFileReference; lastKnownFileType = "wrapper.plug-in"; path = Settings.bundle; sourceTree = "<group>"; };
		23DE6593263E6E8700C5A924 /* TitleFittingButton.swift */ = {isa = PBXFileReference; lastKnownFileType = sourcecode.swift; path = TitleFittingButton.swift; sourceTree = "<group>"; };
		3B0A292A1198AB60CEC19805 /* Pods_Dungeon_Panda.framework */ = {isa = PBXFileReference; explicitFileType = wrapper.framework; includeInIndex = 0; path = Pods_Dungeon_Panda.framework; sourceTree = BUILT_PRODUCTS_DIR; };
		67F6BEBF98F9A06DAEC68E47 /* Pods-Dungeon Panda.release.xcconfig */ = {isa = PBXFileReference; includeInIndex = 1; lastKnownFileType = text.xcconfig; name = "Pods-Dungeon Panda.release.xcconfig"; path = "Target Support Files/Pods-Dungeon Panda/Pods-Dungeon Panda.release.xcconfig"; sourceTree = "<group>"; };
		BF3CDA325AFA8CEA7F327259 /* Pods-Dungeon Panda.debug.xcconfig */ = {isa = PBXFileReference; includeInIndex = 1; lastKnownFileType = text.xcconfig; name = "Pods-Dungeon Panda.debug.xcconfig"; path = "Target Support Files/Pods-Dungeon Panda/Pods-Dungeon Panda.debug.xcconfig"; sourceTree = "<group>"; };
/* End PBXFileReference section */

/* Begin PBXFrameworksBuildPhase section */
		233970FF25FD6BC300ACFCF7 /* Frameworks */ = {
			isa = PBXFrameworksBuildPhase;
			buildActionMask = 2147483647;
			files = (
				62F3D4C17B2B4A841AEF4622 /* Pods_Dungeon_Panda.framework in Frameworks */,
				239D099526102B1200808088 /* CloudKit.framework in Frameworks */,
			);
			runOnlyForDeploymentPostprocessing = 0;
		};
/* End PBXFrameworksBuildPhase section */

/* Begin PBXGroup section */
		233970F925FD6BC300ACFCF7 = {
			isa = PBXGroup;
			children = (
				237B430C25FF3B13000D5666 /* Dungeon Panda */,
				2339710325FD6BC300ACFCF7 /* Products */,
				60B8E497AFA0FAE0047C310A /* Pods */,
				7BDEC6E4220C762C973AECBE /* Frameworks */,
			);
			sourceTree = "<group>";
		};
		2339710325FD6BC300ACFCF7 /* Products */ = {
			isa = PBXGroup;
			children = (
				2339710225FD6BC300ACFCF7 /* Dungeon Panda.app */,
			);
			name = Products;
			sourceTree = "<group>";
		};
		2339713025FEA02900ACFCF7 /* Main code */ = {
			isa = PBXGroup;
			children = (
				2339710525FD6BC300ACFCF7 /* AppDelegate.swift */,
				2339710725FD6BC300ACFCF7 /* SceneDelegate.swift */,
				2339710925FD6BC300ACFCF7 /* ViewController.swift */,
			);
			path = "Main code";
			sourceTree = "<group>";
		};
		2339713125FEA03000ACFCF7 /* Models */ = {
			isa = PBXGroup;
			children = (
				2339710E25FD6BC300ACFCF7 /* Dungeon_Panda.xcdatamodeld */,
				2339712425FD7A6000ACFCF7 /* Song.swift */,
				2339712825FDF1F700ACFCF7 /* LibraryPlaylist.swift */,
				238493B7260324A6005DA4D7 /* Track.swift */,
				23854C702608818400909DB1 /* Tracklist.swift */,
				23854C5B260435D100909DB1 /* MiscError.swift */,
				23854C742609CAB800909DB1 /* Playlist+StoreIDs.swift */,
				23DE6593263E6E8700C5A924 /* TitleFittingButton.swift */,
			);
			path = Models;
			sourceTree = "<group>";
		};
		2339713225FEA03B00ACFCF7 /* UI */ = {
			isa = PBXGroup;
			children = (
				2327167A2C870CBB00853D17 /* Valhalla.storyboard */,
				2339710B25FD6BC300ACFCF7 /* Main.storyboard */,
				2339711325FD6BC500ACFCF7 /* LaunchScreen.storyboard */,
			);
			path = UI;
			sourceTree = "<group>";
		};
		2339713325FEA04200ACFCF7 /* Resources */ = {
			isa = PBXGroup;
			children = (
				239A2DEB2645200100EFFDFF /* rain.mp3 */,
				2339711125FD6BC500ACFCF7 /* Assets.xcassets */,
				237B42F525FEA100000D5666 /* LICENSE */,
				237B42F425FEA100000D5666 /* README.md */,
				23D2E2222A820A64004D4CB6 /* Settings.bundle */,
			);
			path = Resources;
			sourceTree = "<group>";
		};
		237B42F325FEA0DD000D5666 /* Support code */ = {
			isa = PBXGroup;
			children = (
				2339712125FD7A3B00ACFCF7 /* AppleMusicAPI.swift */,
				23854C5E2607064500909DB1 /* MusicPlaybackManager.swift */,
				23854C6A26087FE900909DB1 /* StaticTracklistManager.swift */,
				23854C6D26087FF400909DB1 /* PlaylistManager.swift */,
				239D098F260FF45C00808088 /* UnfixableError.swift */,
			);
			path = "Support code";
			sourceTree = "<group>";
		};
		237B430C25FF3B13000D5666 /* Dungeon Panda */ = {
			isa = PBXGroup;
			children = (
				239D099226102B0200808088 /* Dungeon Panda.entitlements */,
				2339713025FEA02900ACFCF7 /* Main code */,
				237B42F325FEA0DD000D5666 /* Support code */,
				2339713125FEA03000ACFCF7 /* Models */,
				2339713225FEA03B00ACFCF7 /* UI */,
				2339713325FEA04200ACFCF7 /* Resources */,
				237B430D25FF3B64000D5666 /* Base.lproj */,
				237B430E25FF3B64000D5666 /* Info.plist */,
			);
			path = "Dungeon Panda";
			sourceTree = "<group>";
		};
		60B8E497AFA0FAE0047C310A /* Pods */ = {
			isa = PBXGroup;
			children = (
				BF3CDA325AFA8CEA7F327259 /* Pods-Dungeon Panda.debug.xcconfig */,
				67F6BEBF98F9A06DAEC68E47 /* Pods-Dungeon Panda.release.xcconfig */,
			);
			path = Pods;
			sourceTree = "<group>";
		};
		7BDEC6E4220C762C973AECBE /* Frameworks */ = {
			isa = PBXGroup;
			children = (
				239D099426102B1200808088 /* CloudKit.framework */,
				3B0A292A1198AB60CEC19805 /* Pods_Dungeon_Panda.framework */,
			);
			name = Frameworks;
			sourceTree = "<group>";
		};
/* End PBXGroup section */

/* Begin PBXNativeTarget section */
		2339710125FD6BC300ACFCF7 /* Dungeon Panda */ = {
			isa = PBXNativeTarget;
			buildConfigurationList = 2339711925FD6BC500ACFCF7 /* Build configuration list for PBXNativeTarget "Dungeon Panda" */;
			buildPhases = (
				187BEDFA86EA54C189089577 /* [CP] Check Pods Manifest.lock */,
				233970FE25FD6BC300ACFCF7 /* Sources */,
				233970FF25FD6BC300ACFCF7 /* Frameworks */,
				2339710025FD6BC300ACFCF7 /* Resources */,
				2BD5BFD72D7B55A6D45DF580 /* [CP] Embed Pods Frameworks */,
			);
			buildRules = (
			);
			dependencies = (
			);
			name = "Dungeon Panda";
			productName = "Dungeon Panda";
			productReference = 2339710225FD6BC300ACFCF7 /* Dungeon Panda.app */;
			productType = "com.apple.product-type.application";
		};
/* End PBXNativeTarget section */

/* Begin PBXProject section */
		233970FA25FD6BC300ACFCF7 /* Project object */ = {
			isa = PBXProject;
			attributes = {
				LastSwiftUpdateCheck = 1240;
				LastUpgradeCheck = 1240;
				TargetAttributes = {
					2339710125FD6BC300ACFCF7 = {
						CreatedOnToolsVersion = 12.4;
					};
				};
			};
			buildConfigurationList = 233970FD25FD6BC300ACFCF7 /* Build configuration list for PBXProject "Dungeon Panda" */;
			compatibilityVersion = "Xcode 9.3";
			developmentRegion = en;
			hasScannedForEncodings = 0;
			knownRegions = (
				en,
				Base,
			);
			mainGroup = 233970F925FD6BC300ACFCF7;
			productRefGroup = 2339710325FD6BC300ACFCF7 /* Products */;
			projectDirPath = "";
			projectRoot = "";
			targets = (
				2339710125FD6BC300ACFCF7 /* Dungeon Panda */,
			);
		};
/* End PBXProject section */

/* Begin PBXResourcesBuildPhase section */
		2339710025FD6BC300ACFCF7 /* Resources */ = {
			isa = PBXResourcesBuildPhase;
			buildActionMask = 2147483647;
			files = (
				2339711525FD6BC500ACFCF7 /* LaunchScreen.storyboard in Resources */,
				2339711225FD6BC500ACFCF7 /* Assets.xcassets in Resources */,
				239A2DEC2645200100EFFDFF /* rain.mp3 in Resources */,
				237B42F625FEA100000D5666 /* README.md in Resources */,
				2339710D25FD6BC300ACFCF7 /* Main.storyboard in Resources */,
				237B42F725FEA100000D5666 /* LICENSE in Resources */,
				23D2E2232A820A64004D4CB6 /* Settings.bundle in Resources */,
				2327167C2C870CBB00853D17 /* Valhalla.storyboard in Resources */,
			);
			runOnlyForDeploymentPostprocessing = 0;
		};
/* End PBXResourcesBuildPhase section */

/* Begin PBXShellScriptBuildPhase section */
		187BEDFA86EA54C189089577 /* [CP] Check Pods Manifest.lock */ = {
			isa = PBXShellScriptBuildPhase;
			buildActionMask = 2147483647;
			files = (
			);
			inputFileListPaths = (
			);
			inputPaths = (
				"${PODS_PODFILE_DIR_PATH}/Podfile.lock",
				"${PODS_ROOT}/Manifest.lock",
			);
			name = "[CP] Check Pods Manifest.lock";
			outputFileListPaths = (
			);
			outputPaths = (
				"$(DERIVED_FILE_DIR)/Pods-Dungeon Panda-checkManifestLockResult.txt",
			);
			runOnlyForDeploymentPostprocessing = 0;
			shellPath = /bin/sh;
			shellScript = "diff \"${PODS_PODFILE_DIR_PATH}/Podfile.lock\" \"${PODS_ROOT}/Manifest.lock\" > /dev/null\nif [ $? != 0 ] ; then\n    # print error to STDERR\n    echo \"error: The sandbox is not in sync with the Podfile.lock. Run 'pod install' or update your CocoaPods installation.\" >&2\n    exit 1\nfi\n# This output is used by Xcode 'outputs' to avoid re-running this script phase.\necho \"SUCCESS\" > \"${SCRIPT_OUTPUT_FILE_0}\"\n";
			showEnvVarsInLog = 0;
		};
		2BD5BFD72D7B55A6D45DF580 /* [CP] Embed Pods Frameworks */ = {
			isa = PBXShellScriptBuildPhase;
			buildActionMask = 2147483647;
			files = (
			);
			inputFileListPaths = (
				"${PODS_ROOT}/Target Support Files/Pods-Dungeon Panda/Pods-Dungeon Panda-frameworks-${CONFIGURATION}-input-files.xcfilelist",
			);
			name = "[CP] Embed Pods Frameworks";
			outputFileListPaths = (
				"${PODS_ROOT}/Target Support Files/Pods-Dungeon Panda/Pods-Dungeon Panda-frameworks-${CONFIGURATION}-output-files.xcfilelist",
			);
			runOnlyForDeploymentPostprocessing = 0;
			shellPath = /bin/sh;
			shellScript = "\"${PODS_ROOT}/Target Support Files/Pods-Dungeon Panda/Pods-Dungeon Panda-frameworks.sh\"\n";
			showEnvVarsInLog = 0;
		};
/* End PBXShellScriptBuildPhase section */

/* Begin PBXSourcesBuildPhase section */
		233970FE25FD6BC300ACFCF7 /* Sources */ = {
			isa = PBXSourcesBuildPhase;
			buildActionMask = 2147483647;
			files = (
				2339712525FD7A6000ACFCF7 /* Song.swift in Sources */,
				2339712225FD7A3B00ACFCF7 /* AppleMusicAPI.swift in Sources */,
				23854C6B26087FE900909DB1 /* StaticTracklistManager.swift in Sources */,
				2339710A25FD6BC300ACFCF7 /* ViewController.swift in Sources */,
				238493B8260324A6005DA4D7 /* Track.swift in Sources */,
				2339711025FD6BC300ACFCF7 /* Dungeon_Panda.xcdatamodeld in Sources */,
				23DE6594263E6E8800C5A924 /* TitleFittingButton.swift in Sources */,
				2339710625FD6BC300ACFCF7 /* AppDelegate.swift in Sources */,
				2339710825FD6BC300ACFCF7 /* SceneDelegate.swift in Sources */,
				239D0990260FF45C00808088 /* UnfixableError.swift in Sources */,
				23854C5F2607064500909DB1 /* MusicPlaybackManager.swift in Sources */,
				2339712925FDF1F700ACFCF7 /* LibraryPlaylist.swift in Sources */,
				23854C6E26087FF400909DB1 /* PlaylistManager.swift in Sources */,
				23854C752609CAB800909DB1 /* Playlist+StoreIDs.swift in Sources */,
				23854C5C260435D100909DB1 /* MiscError.swift in Sources */,
				23854C712608818400909DB1 /* Tracklist.swift in Sources */,
			);
			runOnlyForDeploymentPostprocessing = 0;
		};
/* End PBXSourcesBuildPhase section */

/* Begin PBXVariantGroup section */
		2327167A2C870CBB00853D17 /* Valhalla.storyboard */ = {
			isa = PBXVariantGroup;
			children = (
				2327167B2C870CBB00853D17 /* Base */,
			);
			name = Valhalla.storyboard;
			sourceTree = "<group>";
		};
		2339710B25FD6BC300ACFCF7 /* Main.storyboard */ = {
			isa = PBXVariantGroup;
			children = (
				2339710C25FD6BC300ACFCF7 /* Base */,
			);
			name = Main.storyboard;
			sourceTree = "<group>";
		};
		2339711325FD6BC500ACFCF7 /* LaunchScreen.storyboard */ = {
			isa = PBXVariantGroup;
			children = (
				2339711425FD6BC500ACFCF7 /* Base */,
			);
			name = LaunchScreen.storyboard;
			sourceTree = "<group>";
		};
/* End PBXVariantGroup section */

/* Begin XCBuildConfiguration section */
		2339711725FD6BC500ACFCF7 /* Debug */ = {
			isa = XCBuildConfiguration;
			buildSettings = {
				ALWAYS_SEARCH_USER_PATHS = NO;
				CLANG_ANALYZER_NONNULL = YES;
				CLANG_ANALYZER_NUMBER_OBJECT_CONVERSION = YES_AGGRESSIVE;
				CLANG_CXX_LANGUAGE_STANDARD = "gnu++14";
				CLANG_CXX_LIBRARY = "libc++";
				CLANG_ENABLE_MODULES = YES;
				CLANG_ENABLE_OBJC_ARC = YES;
				CLANG_ENABLE_OBJC_WEAK = YES;
				CLANG_WARN_BLOCK_CAPTURE_AUTORELEASING = YES;
				CLANG_WARN_BOOL_CONVERSION = YES;
				CLANG_WARN_COMMA = YES;
				CLANG_WARN_CONSTANT_CONVERSION = YES;
				CLANG_WARN_DEPRECATED_OBJC_IMPLEMENTATIONS = YES;
				CLANG_WARN_DIRECT_OBJC_ISA_USAGE = YES_ERROR;
				CLANG_WARN_DOCUMENTATION_COMMENTS = YES;
				CLANG_WARN_EMPTY_BODY = YES;
				CLANG_WARN_ENUM_CONVERSION = YES;
				CLANG_WARN_INFINITE_RECURSION = YES;
				CLANG_WARN_INT_CONVERSION = YES;
				CLANG_WARN_NON_LITERAL_NULL_CONVERSION = YES;
				CLANG_WARN_OBJC_IMPLICIT_RETAIN_SELF = YES;
				CLANG_WARN_OBJC_LITERAL_CONVERSION = YES;
				CLANG_WARN_OBJC_ROOT_CLASS = YES_ERROR;
				CLANG_WARN_QUOTED_INCLUDE_IN_FRAMEWORK_HEADER = YES;
				CLANG_WARN_RANGE_LOOP_ANALYSIS = YES;
				CLANG_WARN_STRICT_PROTOTYPES = YES;
				CLANG_WARN_SUSPICIOUS_MOVE = YES;
				CLANG_WARN_UNGUARDED_AVAILABILITY = YES_AGGRESSIVE;
				CLANG_WARN_UNREACHABLE_CODE = YES;
				CLANG_WARN__DUPLICATE_METHOD_MATCH = YES;
				COPY_PHASE_STRIP = NO;
				DEBUG_INFORMATION_FORMAT = dwarf;
				ENABLE_STRICT_OBJC_MSGSEND = YES;
				ENABLE_TESTABILITY = YES;
				GCC_C_LANGUAGE_STANDARD = gnu11;
				GCC_DYNAMIC_NO_PIC = NO;
				GCC_NO_COMMON_BLOCKS = YES;
				GCC_OPTIMIZATION_LEVEL = 0;
				GCC_PREPROCESSOR_DEFINITIONS = (
					"DEBUG=1",
					"$(inherited)",
				);
				GCC_WARN_64_TO_32_BIT_CONVERSION = YES;
				GCC_WARN_ABOUT_RETURN_TYPE = YES_ERROR;
				GCC_WARN_UNDECLARED_SELECTOR = YES;
				GCC_WARN_UNINITIALIZED_AUTOS = YES_AGGRESSIVE;
				GCC_WARN_UNUSED_FUNCTION = YES;
				GCC_WARN_UNUSED_VARIABLE = YES;
				IPHONEOS_DEPLOYMENT_TARGET = 14.4;
				MTL_ENABLE_DEBUG_INFO = INCLUDE_SOURCE;
				MTL_FAST_MATH = YES;
				ONLY_ACTIVE_ARCH = YES;
				SDKROOT = iphoneos;
				SWIFT_ACTIVE_COMPILATION_CONDITIONS = DEBUG;
				SWIFT_OPTIMIZATION_LEVEL = "-Onone";
			};
			name = Debug;
		};
		2339711825FD6BC500ACFCF7 /* Release */ = {
			isa = XCBuildConfiguration;
			buildSettings = {
				ALWAYS_SEARCH_USER_PATHS = NO;
				CLANG_ANALYZER_NONNULL = YES;
				CLANG_ANALYZER_NUMBER_OBJECT_CONVERSION = YES_AGGRESSIVE;
				CLANG_CXX_LANGUAGE_STANDARD = "gnu++14";
				CLANG_CXX_LIBRARY = "libc++";
				CLANG_ENABLE_MODULES = YES;
				CLANG_ENABLE_OBJC_ARC = YES;
				CLANG_ENABLE_OBJC_WEAK = YES;
				CLANG_WARN_BLOCK_CAPTURE_AUTORELEASING = YES;
				CLANG_WARN_BOOL_CONVERSION = YES;
				CLANG_WARN_COMMA = YES;
				CLANG_WARN_CONSTANT_CONVERSION = YES;
				CLANG_WARN_DEPRECATED_OBJC_IMPLEMENTATIONS = YES;
				CLANG_WARN_DIRECT_OBJC_ISA_USAGE = YES_ERROR;
				CLANG_WARN_DOCUMENTATION_COMMENTS = YES;
				CLANG_WARN_EMPTY_BODY = YES;
				CLANG_WARN_ENUM_CONVERSION = YES;
				CLANG_WARN_INFINITE_RECURSION = YES;
				CLANG_WARN_INT_CONVERSION = YES;
				CLANG_WARN_NON_LITERAL_NULL_CONVERSION = YES;
				CLANG_WARN_OBJC_IMPLICIT_RETAIN_SELF = YES;
				CLANG_WARN_OBJC_LITERAL_CONVERSION = YES;
				CLANG_WARN_OBJC_ROOT_CLASS = YES_ERROR;
				CLANG_WARN_QUOTED_INCLUDE_IN_FRAMEWORK_HEADER = YES;
				CLANG_WARN_RANGE_LOOP_ANALYSIS = YES;
				CLANG_WARN_STRICT_PROTOTYPES = YES;
				CLANG_WARN_SUSPICIOUS_MOVE = YES;
				CLANG_WARN_UNGUARDED_AVAILABILITY = YES_AGGRESSIVE;
				CLANG_WARN_UNREACHABLE_CODE = YES;
				CLANG_WARN__DUPLICATE_METHOD_MATCH = YES;
				COPY_PHASE_STRIP = NO;
				DEBUG_INFORMATION_FORMAT = "dwarf-with-dsym";
				ENABLE_NS_ASSERTIONS = NO;
				ENABLE_STRICT_OBJC_MSGSEND = YES;
				GCC_C_LANGUAGE_STANDARD = gnu11;
				GCC_NO_COMMON_BLOCKS = YES;
				GCC_WARN_64_TO_32_BIT_CONVERSION = YES;
				GCC_WARN_ABOUT_RETURN_TYPE = YES_ERROR;
				GCC_WARN_UNDECLARED_SELECTOR = YES;
				GCC_WARN_UNINITIALIZED_AUTOS = YES_AGGRESSIVE;
				GCC_WARN_UNUSED_FUNCTION = YES;
				GCC_WARN_UNUSED_VARIABLE = YES;
				IPHONEOS_DEPLOYMENT_TARGET = 14.4;
				MTL_ENABLE_DEBUG_INFO = NO;
				MTL_FAST_MATH = YES;
				SDKROOT = iphoneos;
				SWIFT_COMPILATION_MODE = wholemodule;
				SWIFT_OPTIMIZATION_LEVEL = "-O";
				VALIDATE_PRODUCT = YES;
			};
			name = Release;
		};
		2339711A25FD6BC500ACFCF7 /* Debug */ = {
			isa = XCBuildConfiguration;
			baseConfigurationReference = BF3CDA325AFA8CEA7F327259 /* Pods-Dungeon Panda.debug.xcconfig */;
			buildSettings = {
				ASSETCATALOG_COMPILER_APPICON_NAME = AppIcon;
				ASSETCATALOG_COMPILER_GLOBAL_ACCENT_COLOR_NAME = AccentColor;
				CODE_SIGN_ENTITLEMENTS = "Dungeon Panda/Dungeon Panda.entitlements";
				CODE_SIGN_IDENTITY = "Apple Development";
				CODE_SIGN_STYLE = Automatic;
				DEVELOPMENT_TEAM = XT4V976D8Y;
				INFOPLIST_FILE = "Dungeon Panda/Info.plist";
				LD_RUNPATH_SEARCH_PATHS = (
					"$(inherited)",
					"@executable_path/Frameworks",
				);
				PRODUCT_BUNDLE_IDENTIFIER = "uk.org.pond.Dungeon-Panda";
				PRODUCT_NAME = "$(TARGET_NAME)";
				PROVISIONING_PROFILE_SPECIFIER = "";
				SWIFT_VERSION = 5.0;
				TARGETED_DEVICE_FAMILY = "1,2";
			};
			name = Debug;
		};
		2339711B25FD6BC500ACFCF7 /* Release */ = {
			isa = XCBuildConfiguration;
			baseConfigurationReference = 67F6BEBF98F9A06DAEC68E47 /* Pods-Dungeon Panda.release.xcconfig */;
			buildSettings = {
				ASSETCATALOG_COMPILER_APPICON_NAME = AppIcon;
				ASSETCATALOG_COMPILER_GLOBAL_ACCENT_COLOR_NAME = AccentColor;
				CODE_SIGN_ENTITLEMENTS = "Dungeon Panda/Dungeon Panda.entitlements";
				CODE_SIGN_IDENTITY = "Apple Development";
				CODE_SIGN_STYLE = Automatic;
				DEVELOPMENT_TEAM = XT4V976D8Y;
				INFOPLIST_FILE = "Dungeon Panda/Info.plist";
				LD_RUNPATH_SEARCH_PATHS = (
					"$(inherited)",
					"@executable_path/Frameworks",
				);
				PRODUCT_BUNDLE_IDENTIFIER = "uk.org.pond.Dungeon-Panda";
				PRODUCT_NAME = "$(TARGET_NAME)";
				PROVISIONING_PROFILE_SPECIFIER = "";
				SWIFT_VERSION = 5.0;
				TARGETED_DEVICE_FAMILY = "1,2";
			};
			name = Release;
		};
/* End XCBuildConfiguration section */

/* Begin XCConfigurationList section */
		233970FD25FD6BC300ACFCF7 /* Build configuration list for PBXProject "Dungeon Panda" */ = {
			isa = XCConfigurationList;
			buildConfigurations = (
				2339711725FD6BC500ACFCF7 /* Debug */,
				2339711825FD6BC500ACFCF7 /* Release */,
			);
			defaultConfigurationIsVisible = 0;
			defaultConfigurationName = Release;
		};
		2339711925FD6BC500ACFCF7 /* Build configuration list for PBXNativeTarget "Dungeon Panda" */ = {
			isa = XCConfigurationList;
			buildConfigurations = (
				2339711A25FD6BC500ACFCF7 /* Debug */,
				2339711B25FD6BC500ACFCF7 /* Release */,
			);
			defaultConfigurationIsVisible = 0;
			defaultConfigurationName = Release;
		};
/* End XCConfigurationList section */

/* Begin XCVersionGroup section */
		2339710E25FD6BC300ACFCF7 /* Dungeon_Panda.xcdatamodeld */ = {
			isa = XCVersionGroup;
			children = (
				2339710F25FD6BC300ACFCF7 /* Dungeon_Panda.xcdatamodel */,
			);
			currentVersion = 2339710F25FD6BC300ACFCF7 /* Dungeon_Panda.xcdatamodel */;
			path = Dungeon_Panda.xcdatamodeld;
			sourceTree = "<group>";
			versionGroupType = wrapper.xcdatamodel;
		};
/* End XCVersionGroup section */
	};
	rootObject = 233970FA25FD6BC300ACFCF7 /* Project object */;
}
